
Microsoft Visual Studio Solution File, Format Version 12.00
# Visual Studio Version 17
VisualStudioVersion = 17.1.32210.238
MinimumVisualStudioVersion = 10.0.40219.1
Project("{888888A0-9F3D-457C-B088-3A5042F75D52}") = "SpaceInvaders", "SpaceInvaders\SpaceInvaders.pyproj", "{79815E27-27A5-4906-BE9C-58AE388A337A}"
EndProject
Global
	GlobalSection(SolutionConfigurationPlatforms) = preSolution
		Debug|Any CPU = Debug|Any CPU
		Release|Any CPU = Release|Any CPU
	EndGlobalSection
	GlobalSection(ProjectConfigurationPlatforms) = postSolution
		{79815E27-27A5-4906-BE9C-58AE388A337A}.Debug|Any CPU.ActiveCfg = Debug|Any CPU
		{79815E27-27A5-4906-BE9C-58AE388A337A}.Release|Any CPU.ActiveCfg = Release|Any CPU
	EndGlobalSection
	GlobalSection(SolutionProperties) = preSolution
		HideSolutionNode = FALSE
	EndGlobalSection
	GlobalSection(ExtensibilityGlobals) = postSolution
		SolutionGuid = {B312AA32-B1EB-4351-BD20-8EFB1073B909}
	EndGlobalSection
EndGlobal
